
Microsoft Visual Studio Solution File, Format Version 12.00
# Visual Studio Version 17
VisualStudioVersion = 17.0.31903.59
MinimumVisualStudioVersion = 10.0.40219.1
Project("{FAE04EC0-301F-11D3-BF4B-00C04F79EFBC}") = "MeuApp.App", "MeuApp.App\MeuApp.App.csproj", "{2DCF9600-20C8-41C4-8AB0-9F4B137284F9}"
EndProject
Project("{FAE04EC0-301F-11D3-BF4B-00C04F79EFBC}") = "MeuApp.Shared", "MeuApp.Shared\MeuApp.Shared.csproj", "{B1B5DA83-3199-4707-9B19-E1376A74C306}"
EndProject
Global
	GlobalSection(SolutionConfigurationPlatforms) = preSolution
		Debug|Any CPU = Debug|Any CPU
		Debug|x64 = Debug|x64
		Debug|x86 = Debug|x86
		Release|Any CPU = Release|Any CPU
		Release|x64 = Release|x64
		Release|x86 = Release|x86
	EndGlobalSection
	GlobalSection(ProjectConfigurationPlatforms) = postSolution
		{2DCF9600-20C8-41C4-8AB0-9F4B137284F9}.Debug|Any CPU.ActiveCfg = Debug|Any CPU
		{2DCF9600-20C8-41C4-8AB0-9F4B137284F9}.Debug|Any CPU.Build.0 = Debug|Any CPU
		{2DCF9600-20C8-41C4-8AB0-9F4B137284F9}.Debug|x64.ActiveCfg = Debug|Any CPU
		{2DCF9600-20C8-41C4-8AB0-9F4B137284F9}.Debug|x64.Build.0 = Debug|Any CPU
		{2DCF9600-20C8-41C4-8AB0-9F4B137284F9}.Debug|x86.ActiveCfg = Debug|Any CPU
		{2DCF9600-20C8-41C4-8AB0-9F4B137284F9}.Debug|x86.Build.0 = Debug|Any CPU
		{2DCF9600-20C8-41C4-8AB0-9F4B137284F9}.Release|Any CPU.ActiveCfg = Release|Any CPU
		{2DCF9600-20C8-41C4-8AB0-9F4B137284F9}.Release|Any CPU.Build.0 = Release|Any CPU
		{2DCF9600-20C8-41C4-8AB0-9F4B137284F9}.Release|x64.ActiveCfg = Release|Any CPU
		{2DCF9600-20C8-41C4-8AB0-9F4B137284F9}.Release|x64.Build.0 = Release|Any CPU
		{2DCF9600-20C8-41C4-8AB0-9F4B137284F9}.Release|x86.ActiveCfg = Release|Any CPU
		{2DCF9600-20C8-41C4-8AB0-9F4B137284F9}.Release|x86.Build.0 = Release|Any CPU
		{B1B5DA83-3199-4707-9B19-E1376A74C306}.Debug|Any CPU.ActiveCfg = Debug|Any CPU
		{B1B5DA83-3199-4707-9B19-E1376A74C306}.Debug|Any CPU.Build.0 = Debug|Any CPU
		{B1B5DA83-3199-4707-9B19-E1376A74C306}.Debug|x64.ActiveCfg = Debug|Any CPU
		{B1B5DA83-3199-4707-9B19-E1376A74C306}.Debug|x64.Build.0 = Debug|Any CPU
		{B1B5DA83-3199-4707-9B19-E1376A74C306}.Debug|x86.ActiveCfg = Debug|Any CPU
		{B1B5DA83-3199-4707-9B19-E1376A74C306}.Debug|x86.Build.0 = Debug|Any CPU
		{B1B5DA83-3199-4707-9B19-E1376A74C306}.Release|Any CPU.ActiveCfg = Release|Any CPU
		{B1B5DA83-3199-4707-9B19-E1376A74C306}.Release|Any CPU.Build.0 = Release|Any CPU
		{B1B5DA83-3199-4707-9B19-E1376A74C306}.Release|x64.ActiveCfg = Release|Any CPU
		{B1B5DA83-3199-4707-9B19-E1376A74C306}.Release|x64.Build.0 = Release|Any CPU
		{B1B5DA83-3199-4707-9B19-E1376A74C306}.Release|x86.ActiveCfg = Release|Any CPU
		{B1B5DA83-3199-4707-9B19-E1376A74C306}.Release|x86.Build.0 = Release|Any CPU
	EndGlobalSection
	GlobalSection(SolutionProperties) = preSolution
		HideSolutionNode = FALSE
	EndGlobalSection
EndGlobal
